// !$*UTF8*$!
{
	archiveVersion = 1;
	classes = {
	};
	objectVersion = 56;
	objects = {

/* Begin PBXBuildFile section */
		55EAE8FF2A448AD000E713C3 /* main.swift in Sources */ = {isa = PBXBuildFile; fileRef = 55EAE8FE2A448AD000E713C3 /* main.swift */; };
		55EAE9072A448B1600E713C3 /* SwiftKueryMySQL in Frameworks */ = {isa = PBXBuildFile; productRef = 55EAE9062A448B1600E713C3 /* SwiftKueryMySQL */; };
		55EAE90D2A448BF400E713C3 /* Utils.swift in Sources */ = {isa = PBXBuildFile; fileRef = 55EAE90C2A448BF400E713C3 /* Utils.swift */; };
		55EAE90F2A448E6000E713C3 /* Database.swift in Sources */ = {isa = PBXBuildFile; fileRef = 55EAE90E2A448E6000E713C3 /* Database.swift */; };
		55EAE9112A44A75600E713C3 /* CriarTabelas.swift in Sources */ = {isa = PBXBuildFile; fileRef = 55EAE9102A44A75600E713C3 /* CriarTabelas.swift */; };
/* End PBXBuildFile section */

/* Begin PBXCopyFilesBuildPhase section */
		55EAE8F92A448AD000E713C3 /* CopyFiles */ = {
			isa = PBXCopyFilesBuildPhase;
			buildActionMask = 2147483647;
			dstPath = /usr/share/man/man1/;
			dstSubfolderSpec = 0;
			files = (
			);
			runOnlyForDeploymentPostprocessing = 1;
		};
/* End PBXCopyFilesBuildPhase section */

/* Begin PBXFileReference section */
		55EAE8FB2A448AD000E713C3 /* teste */ = {isa = PBXFileReference; explicitFileType = "compiled.mach-o.executable"; includeInIndex = 0; path = teste; sourceTree = BUILT_PRODUCTS_DIR; };
		55EAE8FE2A448AD000E713C3 /* main.swift */ = {isa = PBXFileReference; lastKnownFileType = sourcecode.swift; path = main.swift; sourceTree = "<group>"; };
		55EAE9082A448B1E00E713C3 /* teste.entitlements */ = {isa = PBXFileReference; lastKnownFileType = text.plist.entitlements; path = teste.entitlements; sourceTree = "<group>"; };
		55EAE90B2A448BDA00E713C3 /* connection.json */ = {isa = PBXFileReference; lastKnownFileType = text.json; path = connection.json; sourceTree = "<group>"; };
		55EAE90C2A448BF400E713C3 /* Utils.swift */ = {isa = PBXFileReference; lastKnownFileType = sourcecode.swift; path = Utils.swift; sourceTree = "<group>"; };
		55EAE90E2A448E6000E713C3 /* Database.swift */ = {isa = PBXFileReference; lastKnownFileType = sourcecode.swift; path = Database.swift; sourceTree = "<group>"; };
		55EAE9102A44A75600E713C3 /* CriarTabelas.swift */ = {isa = PBXFileReference; lastKnownFileType = sourcecode.swift; path = CriarTabelas.swift; sourceTree = "<group>"; };
/* End PBXFileReference section */

/* Begin PBXFrameworksBuildPhase section */
		55EAE8F82A448AD000E713C3 /* Frameworks */ = {
			isa = PBXFrameworksBuildPhase;
			buildActionMask = 2147483647;
			files = (
				55EAE9072A448B1600E713C3 /* SwiftKueryMySQL in Frameworks */,
			);
			runOnlyForDeploymentPostprocessing = 0;
		};
/* End PBXFrameworksBuildPhase section */

/* Begin PBXGroup section */
		55EAE8F22A448AD000E713C3 = {
			isa = PBXGroup;
			children = (
				55EAE8FD2A448AD000E713C3 /* teste */,
				55EAE8FC2A448AD000E713C3 /* Products */,
			);
			sourceTree = "<group>";
		};
		55EAE8FC2A448AD000E713C3 /* Products */ = {
			isa = PBXGroup;
			children = (
				55EAE8FB2A448AD000E713C3 /* teste */,
			);
			name = Products;
			sourceTree = "<group>";
		};
		55EAE8FD2A448AD000E713C3 /* teste */ = {
			isa = PBXGroup;
			children = (
				55EAE9092A448B4B00E713C3 /* databaseAPI */,
				55EAE9082A448B1E00E713C3 /* teste.entitlements */,
				55EAE8FE2A448AD000E713C3 /* main.swift */,
			);
			path = teste;
			sourceTree = "<group>";
		};
		55EAE9092A448B4B00E713C3 /* databaseAPI */ = {
			isa = PBXGroup;
			children = (
				55EAE90B2A448BDA00E713C3 /* connection.json */,
				55EAE90C2A448BF400E713C3 /* Utils.swift */,
				55EAE90E2A448E6000E713C3 /* Database.swift */,
				55EAE9102A44A75600E713C3 /* CriarTabelas.swift */,
			);
			path = databaseAPI;
			sourceTree = "<group>";
		};
/* End PBXGroup section */

/* Begin PBXNativeTarget section */
		55EAE8FA2A448AD000E713C3 /* teste */ = {
			isa = PBXNativeTarget;
			buildConfigurationList = 55EAE9022A448AD000E713C3 /* Build configuration list for PBXNativeTarget "teste" */;
			buildPhases = (
				55EAE8F72A448AD000E713C3 /* Sources */,
				55EAE8F82A448AD000E713C3 /* Frameworks */,
				55EAE8F92A448AD000E713C3 /* CopyFiles */,
			);
			buildRules = (
			);
			dependencies = (
			);
			name = teste;
			packageProductDependencies = (
				55EAE9062A448B1600E713C3 /* SwiftKueryMySQL */,
			);
			productName = teste;
			productReference = 55EAE8FB2A448AD000E713C3 /* teste */;
			productType = "com.apple.product-type.tool";
		};
/* End PBXNativeTarget section */

/* Begin PBXProject section */
		55EAE8F32A448AD000E713C3 /* Project object */ = {
			isa = PBXProject;
			attributes = {
				BuildIndependentTargetsInParallel = 1;
				LastSwiftUpdateCheck = 1420;
				LastUpgradeCheck = 1420;
				TargetAttributes = {
					55EAE8FA2A448AD000E713C3 = {
						CreatedOnToolsVersion = 14.2;
					};
				};
			};
			buildConfigurationList = 55EAE8F62A448AD000E713C3 /* Build configuration list for PBXProject "teste" */;
			compatibilityVersion = "Xcode 14.0";
			developmentRegion = en;
			hasScannedForEncodings = 0;
			knownRegions = (
				en,
				Base,
			);
			mainGroup = 55EAE8F22A448AD000E713C3;
			packageReferences = (
				55EAE9052A448B1600E713C3 /* XCRemoteSwiftPackageReference "SwiftKueryMySQL" */,
			);
			productRefGroup = 55EAE8FC2A448AD000E713C3 /* Products */;
			projectDirPath = "";
			projectRoot = "";
			targets = (
				55EAE8FA2A448AD000E713C3 /* teste */,
			);
		};
/* End PBXProject section */

/* Begin PBXSourcesBuildPhase section */
		55EAE8F72A448AD000E713C3 /* Sources */ = {
			isa = PBXSourcesBuildPhase;
			buildActionMask = 2147483647;
			files = (
				55EAE90F2A448E6000E713C3 /* Database.swift in Sources */,
				55EAE8FF2A448AD000E713C3 /* main.swift in Sources */,
				55EAE9112A44A75600E713C3 /* CriarTabelas.swift in Sources */,
				55EAE90D2A448BF400E713C3 /* Utils.swift in Sources */,
			);
			runOnlyForDeploymentPostprocessing = 0;
		};
/* End PBXSourcesBuildPhase section */

/* Begin XCBuildConfiguration section */
		55EAE9002A448AD000E713C3 /* Debug */ = {
			isa = XCBuildConfiguration;
			buildSettings = {
				ALWAYS_SEARCH_USER_PATHS = NO;
				CLANG_ANALYZER_NONNULL = YES;
				CLANG_ANALYZER_NUMBER_OBJECT_CONVERSION = YES_AGGRESSIVE;
				CLANG_CXX_LANGUAGE_STANDARD = "gnu++20";
				CLANG_ENABLE_MODULES = YES;
				CLANG_ENABLE_OBJC_ARC = YES;
				CLANG_ENABLE_OBJC_WEAK = YES;
				CLANG_WARN_BLOCK_CAPTURE_AUTORELEASING = YES;
				CLANG_WARN_BOOL_CONVERSION = YES;
				CLANG_WARN_COMMA = YES;
				CLANG_WARN_CONSTANT_CONVERSION = YES;
				CLANG_WARN_DEPRECATED_OBJC_IMPLEMENTATIONS = YES;
				CLANG_WARN_DIRECT_OBJC_ISA_USAGE = YES_ERROR;
				CLANG_WARN_DOCUMENTATION_COMMENTS = YES;
				CLANG_WARN_EMPTY_BODY = YES;
				CLANG_WARN_ENUM_CONVERSION = YES;
				CLANG_WARN_INFINITE_RECURSION = YES;
				CLANG_WARN_INT_CONVERSION = YES;
				CLANG_WARN_NON_LITERAL_NULL_CONVERSION = YES;
				CLANG_WARN_OBJC_IMPLICIT_RETAIN_SELF = YES;
				CLANG_WARN_OBJC_LITERAL_CONVERSION = YES;
				CLANG_WARN_OBJC_ROOT_CLASS = YES_ERROR;
				CLANG_WARN_QUOTED_INCLUDE_IN_FRAMEWORK_HEADER = YES;
				CLANG_WARN_RANGE_LOOP_ANALYSIS = YES;
				CLANG_WARN_STRICT_PROTOTYPES = YES;
				CLANG_WARN_SUSPICIOUS_MOVE = YES;
				CLANG_WARN_UNGUARDED_AVAILABILITY = YES_AGGRESSIVE;
				CLANG_WARN_UNREACHABLE_CODE = YES;
				CLANG_WARN__DUPLICATE_METHOD_MATCH = YES;
				COPY_PHASE_STRIP = NO;
				DEBUG_INFORMATION_FORMAT = dwarf;
				ENABLE_STRICT_OBJC_MSGSEND = YES;
				ENABLE_TESTABILITY = YES;
				GCC_C_LANGUAGE_STANDARD = gnu11;
				GCC_DYNAMIC_NO_PIC = NO;
				GCC_NO_COMMON_BLOCKS = YES;
				GCC_OPTIMIZATION_LEVEL = 0;
				GCC_PREPROCESSOR_DEFINITIONS = (
					"DEBUG=1",
					"$(inherited)",
				);
				GCC_WARN_64_TO_32_BIT_CONVERSION = YES;
				GCC_WARN_ABOUT_RETURN_TYPE = YES_ERROR;
				GCC_WARN_UNDECLARED_SELECTOR = YES;
				GCC_WARN_UNINITIALIZED_AUTOS = YES_AGGRESSIVE;
				GCC_WARN_UNUSED_FUNCTION = YES;
				GCC_WARN_UNUSED_VARIABLE = YES;
				MACOSX_DEPLOYMENT_TARGET = 13.1;
				MTL_ENABLE_DEBUG_INFO = INCLUDE_SOURCE;
				MTL_FAST_MATH = YES;
				ONLY_ACTIVE_ARCH = YES;
				SDKROOT = macosx;
				SWIFT_ACTIVE_COMPILATION_CONDITIONS = DEBUG;
				SWIFT_OPTIMIZATION_LEVEL = "-Onone";
			};
			name = Debug;
		};
		55EAE9012A448AD000E713C3 /* Release */ = {
			isa = XCBuildConfiguration;
			buildSettings = {
				ALWAYS_SEARCH_USER_PATHS = NO;
				CLANG_ANALYZER_NONNULL = YES;
				CLANG_ANALYZER_NUMBER_OBJECT_CONVERSION = YES_AGGRESSIVE;
				CLANG_CXX_LANGUAGE_STANDARD = "gnu++20";
				CLANG_ENABLE_MODULES = YES;
				CLANG_ENABLE_OBJC_ARC = YES;
				CLANG_ENABLE_OBJC_WEAK = YES;
				CLANG_WARN_BLOCK_CAPTURE_AUTORELEASING = YES;
				CLANG_WARN_BOOL_CONVERSION = YES;
				CLANG_WARN_COMMA = YES;
				CLANG_WARN_CONSTANT_CONVERSION = YES;
				CLANG_WARN_DEPRECATED_OBJC_IMPLEMENTATIONS = YES;
				CLANG_WARN_DIRECT_OBJC_ISA_USAGE = YES_ERROR;
				CLANG_WARN_DOCUMENTATION_COMMENTS = YES;
				CLANG_WARN_EMPTY_BODY = YES;
				CLANG_WARN_ENUM_CONVERSION = YES;
				CLANG_WARN_INFINITE_RECURSION = YES;
				CLANG_WARN_INT_CONVERSION = YES;
				CLANG_WARN_NON_LITERAL_NULL_CONVERSION = YES;
				CLANG_WARN_OBJC_IMPLICIT_RETAIN_SELF = YES;
				CLANG_WARN_OBJC_LITERAL_CONVERSION = YES;
				CLANG_WARN_OBJC_ROOT_CLASS = YES_ERROR;
				CLANG_WARN_QUOTED_INCLUDE_IN_FRAMEWORK_HEADER = YES;
				CLANG_WARN_RANGE_LOOP_ANALYSIS = YES;
				CLANG_WARN_STRICT_PROTOTYPES = YES;
				CLANG_WARN_SUSPICIOUS_MOVE = YES;
				CLANG_WARN_UNGUARDED_AVAILABILITY = YES_AGGRESSIVE;
				CLANG_WARN_UNREACHABLE_CODE = YES;
				CLANG_WARN__DUPLICATE_METHOD_MATCH = YES;
				COPY_PHASE_STRIP = NO;
				DEBUG_INFORMATION_FORMAT = "dwarf-with-dsym";
				ENABLE_NS_ASSERTIONS = NO;
				ENABLE_STRICT_OBJC_MSGSEND = YES;
				GCC_C_LANGUAGE_STANDARD = gnu11;
				GCC_NO_COMMON_BLOCKS = YES;
				GCC_WARN_64_TO_32_BIT_CONVERSION = YES;
				GCC_WARN_ABOUT_RETURN_TYPE = YES_ERROR;
				GCC_WARN_UNDECLARED_SELECTOR = YES;
				GCC_WARN_UNINITIALIZED_AUTOS = YES_AGGRESSIVE;
				GCC_WARN_UNUSED_FUNCTION = YES;
				GCC_WARN_UNUSED_VARIABLE = YES;
				MACOSX_DEPLOYMENT_TARGET = 13.1;
				MTL_ENABLE_DEBUG_INFO = NO;
				MTL_FAST_MATH = YES;
				SDKROOT = macosx;
				SWIFT_COMPILATION_MODE = wholemodule;
				SWIFT_OPTIMIZATION_LEVEL = "-O";
			};
			name = Release;
		};
		55EAE9032A448AD000E713C3 /* Debug */ = {
			isa = XCBuildConfiguration;
			buildSettings = {
				CODE_SIGN_ENTITLEMENTS = teste/teste.entitlements;
				"CODE_SIGN_IDENTITY[sdk=macosx*]" = "Apple Development";
				CODE_SIGN_STYLE = Automatic;
				DEVELOPMENT_TEAM = QHY3B5XMBS;
				ENABLE_HARDENED_RUNTIME = YES;
				PRODUCT_NAME = "$(TARGET_NAME)";
				SWIFT_VERSION = 5.0;
			};
			name = Debug;
		};
		55EAE9042A448AD000E713C3 /* Release */ = {
			isa = XCBuildConfiguration;
			buildSettings = {
				CODE_SIGN_ENTITLEMENTS = teste/teste.entitlements;
				"CODE_SIGN_IDENTITY[sdk=macosx*]" = "Apple Development";
				CODE_SIGN_STYLE = Automatic;
				DEVELOPMENT_TEAM = QHY3B5XMBS;
				ENABLE_HARDENED_RUNTIME = YES;
				PRODUCT_NAME = "$(TARGET_NAME)";
				SWIFT_VERSION = 5.0;
			};
			name = Release;
		};
/* End XCBuildConfiguration section */

/* Begin XCConfigurationList section */
		55EAE8F62A448AD000E713C3 /* Build configuration list for PBXProject "teste" */ = {
			isa = XCConfigurationList;
			buildConfigurations = (
				55EAE9002A448AD000E713C3 /* Debug */,
				55EAE9012A448AD000E713C3 /* Release */,
			);
			defaultConfigurationIsVisible = 0;
			defaultConfigurationName = Release;
		};
		55EAE9022A448AD000E713C3 /* Build configuration list for PBXNativeTarget "teste" */ = {
			isa = XCConfigurationList;
			buildConfigurations = (
				55EAE9032A448AD000E713C3 /* Debug */,
				55EAE9042A448AD000E713C3 /* Release */,
			);
			defaultConfigurationIsVisible = 0;
			defaultConfigurationName = Release;
		};
/* End XCConfigurationList section */

/* Begin XCRemoteSwiftPackageReference section */
		55EAE9052A448B1600E713C3 /* XCRemoteSwiftPackageReference "SwiftKueryMySQL" */ = {
			isa = XCRemoteSwiftPackageReference;
			repositoryURL = "https://github.com/Kitura/SwiftKueryMySQL";
			requirement = {
				branch = master;
				kind = branch;
			};
		};
/* End XCRemoteSwiftPackageReference section */

/* Begin XCSwiftPackageProductDependency section */
		55EAE9062A448B1600E713C3 /* SwiftKueryMySQL */ = {
			isa = XCSwiftPackageProductDependency;
			package = 55EAE9052A448B1600E713C3 /* XCRemoteSwiftPackageReference "SwiftKueryMySQL" */;
			productName = SwiftKueryMySQL;
		};
/* End XCSwiftPackageProductDependency section */
	};
	rootObject = 55EAE8F32A448AD000E713C3 /* Project object */;
}
